
Microsoft Visual Studio Solution File, Format Version 12.00
# Visual Studio Version 16
VisualStudioVersion = 16.0.31402.337
MinimumVisualStudioVersion = 10.0.40219.1
Project("{FAE04EC0-301F-11D3-BF4B-00C04F79EFBC}") = "Calculator", "Calculator\Calculator.csproj", "{D8DCA89A-EEC1-4839-87EF-7CD12C1C3106}"
EndProject
Project("{FAE04EC0-301F-11D3-BF4B-00C04F79EFBC}") = "Calculator.Test", "Calculator.Test\Calculator.Test.csproj", "{FACD3933-5470-40BC-BF3D-16024818D485}"
EndProject
Global
	GlobalSection(SolutionConfigurationPlatforms) = preSolution
		Debug|Any CPU = Debug|Any CPU
		Release|Any CPU = Release|Any CPU
	EndGlobalSection
	GlobalSection(ProjectConfigurationPlatforms) = postSolution
		{D8DCA89A-EEC1-4839-87EF-7CD12C1C3106}.Debug|Any CPU.ActiveCfg = Debug|Any CPU
		{D8DCA89A-EEC1-4839-87EF-7CD12C1C3106}.Debug|Any CPU.Build.0 = Debug|Any CPU
		{D8DCA89A-EEC1-4839-87EF-7CD12C1C3106}.Release|Any CPU.ActiveCfg = Release|Any CPU
		{D8DCA89A-EEC1-4839-87EF-7CD12C1C3106}.Release|Any CPU.Build.0 = Release|Any CPU
		{FACD3933-5470-40BC-BF3D-16024818D485}.Debug|Any CPU.ActiveCfg = Debug|Any CPU
		{FACD3933-5470-40BC-BF3D-16024818D485}.Debug|Any CPU.Build.0 = Debug|Any CPU
		{FACD3933-5470-40BC-BF3D-16024818D485}.Release|Any CPU.ActiveCfg = Release|Any CPU
		{FACD3933-5470-40BC-BF3D-16024818D485}.Release|Any CPU.Build.0 = Release|Any CPU
	EndGlobalSection
	GlobalSection(SolutionProperties) = preSolution
		HideSolutionNode = FALSE
	EndGlobalSection
	GlobalSection(ExtensibilityGlobals) = postSolution
		SolutionGuid = {9BE9691B-F77A-4D38-AB56-CFB1D8DCD9A4}
	EndGlobalSection
EndGlobal
